
Microsoft Visual Studio Solution File, Format Version 12.00
# Visual Studio 15
VisualStudioVersion = 15.0.27703.2026
MinimumVisualStudioVersion = 10.0.40219.1
Project("{9A19103F-16F7-4668-BE54-9A1E7A4F7556}") = "TurretWebServiceCore", "TurretWebServiceCore\TurretWebServiceCore.csproj", "{F73D5FBA-157E-4BB3-87E1-FCCC9B503D00}"
EndProject
Project("{FAE04EC0-301F-11D3-BF4B-00C04F79EFBC}") = "Params", "Params\Params.csproj", "{3EA15DE4-D31C-40C7-BFC8-27A5CF9FF6D7}"
EndProject
Global
	GlobalSection(SolutionConfigurationPlatforms) = preSolution
		Debug|Any CPU = Debug|Any CPU
		Release|Any CPU = Release|Any CPU
	EndGlobalSection
	GlobalSection(ProjectConfigurationPlatforms) = postSolution
		{F73D5FBA-157E-4BB3-87E1-FCCC9B503D00}.Debug|Any CPU.ActiveCfg = Debug|Any CPU
		{F73D5FBA-157E-4BB3-87E1-FCCC9B503D00}.Debug|Any CPU.Build.0 = Debug|Any CPU
		{F73D5FBA-157E-4BB3-87E1-FCCC9B503D00}.Release|Any CPU.ActiveCfg = Release|Any CPU
		{F73D5FBA-157E-4BB3-87E1-FCCC9B503D00}.Release|Any CPU.Build.0 = Release|Any CPU
		{3EA15DE4-D31C-40C7-BFC8-27A5CF9FF6D7}.Debug|Any CPU.ActiveCfg = Debug|Any CPU
		{3EA15DE4-D31C-40C7-BFC8-27A5CF9FF6D7}.Debug|Any CPU.Build.0 = Debug|Any CPU
		{3EA15DE4-D31C-40C7-BFC8-27A5CF9FF6D7}.Release|Any CPU.ActiveCfg = Release|Any CPU
		{3EA15DE4-D31C-40C7-BFC8-27A5CF9FF6D7}.Release|Any CPU.Build.0 = Release|Any CPU
	EndGlobalSection
	GlobalSection(SolutionProperties) = preSolution
		HideSolutionNode = FALSE
	EndGlobalSection
	GlobalSection(ExtensibilityGlobals) = postSolution
		SolutionGuid = {96568236-11B6-4D5C-B050-4463F89ACDF2}
	EndGlobalSection
EndGlobal
